
Microsoft Visual Studio Solution File, Format Version 12.00
# Visual Studio Version 17
VisualStudioVersion = 17.1.32210.238
MinimumVisualStudioVersion = 10.0.40219.1
Project("{8BC9CEB8-8B4A-11D0-8D11-00A0C91BC942}") = "slipperygg", "slipperygg.vcxproj", "{81D9D7BB-A927-4EB6-9743-F73E6A1DEE48}"
EndProject
Global
	GlobalSection(SolutionConfigurationPlatforms) = preSolution
		Debug [AVX2]|x64 = Debug [AVX2]|x64
		Debug [AVX512]|x64 = Debug [AVX512]|x64
		Debug [SSE2]|x64 = Debug [SSE2]|x64
		Release [AVX2]|x64 = Release [AVX2]|x64
		Release [AVX512]|x64 = Release [AVX512]|x64
		Release [SSE2]|x64 = Release [SSE2]|x64
	EndGlobalSection
	GlobalSection(ProjectConfigurationPlatforms) = postSolution
		{81D9D7BB-A927-4EB6-9743-F73E6A1DEE48}.Debug [AVX2]|x64.ActiveCfg = Debug [AVX2]|Win32
		{81D9D7BB-A927-4EB6-9743-F73E6A1DEE48}.Debug [AVX2]|x64.Build.0 = Debug [AVX2]|Win32
		{81D9D7BB-A927-4EB6-9743-F73E6A1DEE48}.Debug [AVX512]|x64.ActiveCfg = Debug [AVX512]|Win32
		{81D9D7BB-A927-4EB6-9743-F73E6A1DEE48}.Debug [AVX512]|x64.Build.0 = Debug [AVX512]|Win32
		{81D9D7BB-A927-4EB6-9743-F73E6A1DEE48}.Debug [SSE2]|x64.ActiveCfg = Debug [SSE2]|Win32
		{81D9D7BB-A927-4EB6-9743-F73E6A1DEE48}.Debug [SSE2]|x64.Build.0 = Debug [SSE2]|Win32
		{81D9D7BB-A927-4EB6-9743-F73E6A1DEE48}.Release [AVX2]|x64.ActiveCfg = Release [AVX2]|Win32
		{81D9D7BB-A927-4EB6-9743-F73E6A1DEE48}.Release [AVX2]|x64.Build.0 = Release [AVX2]|Win32
		{81D9D7BB-A927-4EB6-9743-F73E6A1DEE48}.Release [AVX512]|x64.ActiveCfg = Release [SSE2]|Win32
		{81D9D7BB-A927-4EB6-9743-F73E6A1DEE48}.Release [AVX512]|x64.Build.0 = Release [SSE2]|Win32
		{81D9D7BB-A927-4EB6-9743-F73E6A1DEE48}.Release [SSE2]|x64.ActiveCfg = Release [SSE2]|Win32
		{81D9D7BB-A927-4EB6-9743-F73E6A1DEE48}.Release [SSE2]|x64.Build.0 = Release [SSE2]|Win32
	EndGlobalSection
	GlobalSection(SolutionProperties) = preSolution
		HideSolutionNode = FALSE
	EndGlobalSection
	GlobalSection(ExtensibilityGlobals) = postSolution
		SolutionGuid = {E86846F0-9A71-4E4D-BDB5-375C4A92CC3D}
	EndGlobalSection
EndGlobal
